
Microsoft Visual Studio Solution File, Format Version 12.00
# Visual Studio Version 17
VisualStudioVersion = 17.10.35013.160
MinimumVisualStudioVersion = 10.0.40219.1
Project("{9A19103F-16F7-4668-BE54-9A1E7A4F7556}") = "APIManagerVB", "APIManagerVB\APIManagerVB.csproj", "{3D2359D3-B5FC-4133-BDCB-77878EE43976}"
EndProject
Project("{FAE04EC0-301F-11D3-BF4B-00C04F79EFBC}") = "APIAsyncTestCLI", "APIAsyncTestCLI\APIAsyncTestCLI.csproj", "{2A07C897-D722-4870-A322-FD0DE07A87BA}"
EndProject
Global
	GlobalSection(SolutionConfigurationPlatforms) = preSolution
		Debug|Any CPU = Debug|Any CPU
		Release|Any CPU = Release|Any CPU
	EndGlobalSection
	GlobalSection(ProjectConfigurationPlatforms) = postSolution
		{3D2359D3-B5FC-4133-BDCB-77878EE43976}.Debug|Any CPU.ActiveCfg = Debug|Any CPU
		{3D2359D3-B5FC-4133-BDCB-77878EE43976}.Debug|Any CPU.Build.0 = Debug|Any CPU
		{3D2359D3-B5FC-4133-BDCB-77878EE43976}.Release|Any CPU.ActiveCfg = Release|Any CPU
		{3D2359D3-B5FC-4133-BDCB-77878EE43976}.Release|Any CPU.Build.0 = Release|Any CPU
		{2A07C897-D722-4870-A322-FD0DE07A87BA}.Debug|Any CPU.ActiveCfg = Debug|Any CPU
		{2A07C897-D722-4870-A322-FD0DE07A87BA}.Debug|Any CPU.Build.0 = Debug|Any CPU
		{2A07C897-D722-4870-A322-FD0DE07A87BA}.Release|Any CPU.ActiveCfg = Release|Any CPU
		{2A07C897-D722-4870-A322-FD0DE07A87BA}.Release|Any CPU.Build.0 = Release|Any CPU
	EndGlobalSection
	GlobalSection(SolutionProperties) = preSolution
		HideSolutionNode = FALSE
	EndGlobalSection
	GlobalSection(ExtensibilityGlobals) = postSolution
		SolutionGuid = {7D5DE1EB-3FE7-442A-A269-CC5E58BB9CFF}
	EndGlobalSection
EndGlobal
